// !$*UTF8*$!
{
	archiveVersion = 1;
	classes = {
	};
	objectVersion = 55;
	objects = {

/* Begin PBXBuildFile section */
		040A003D2793C659009D0DBA /* WindowController.swift in Sources */ = {isa = PBXBuildFile; fileRef = 040A003C2793C659009D0DBA /* WindowController.swift */; };
		040A003F2793CBF4009D0DBA /* GradientBox.swift in Sources */ = {isa = PBXBuildFile; fileRef = 040A003E2793CBF4009D0DBA /* GradientBox.swift */; };
		040A00412793CDC2009D0DBA /* SheetViewController.swift in Sources */ = {isa = PBXBuildFile; fileRef = 040A00402793CDC2009D0DBA /* SheetViewController.swift */; };
		040A00432793D3FC009D0DBA /* QRCodeGenerator.swift in Sources */ = {isa = PBXBuildFile; fileRef = 040A00422793D3FC009D0DBA /* QRCodeGenerator.swift */; };
		040A00452793D8AB009D0DBA /* MainWindow.swift in Sources */ = {isa = PBXBuildFile; fileRef = 040A00442793D8AB009D0DBA /* MainWindow.swift */; };
		040A00472793D92C009D0DBA /* SystemInformation.swift in Sources */ = {isa = PBXBuildFile; fileRef = 040A00462793D92C009D0DBA /* SystemInformation.swift */; };
		040A004E2793DD85009D0DBA /* STPrivilegedTask.m in Sources */ = {isa = PBXBuildFile; fileRef = 040A004D2793DD85009D0DBA /* STPrivilegedTask.m */; };
		040A00512793DE11009D0DBA /* Process-Extension.swift in Sources */ = {isa = PBXBuildFile; fileRef = 040A00502793DE11009D0DBA /* Process-Extension.swift */; };
		044BEB0D27963D6200402588 /* SupportPath.plist in Resources */ = {isa = PBXBuildFile; fileRef = 044BEB0B27963D6200402588 /* SupportPath.plist */; };
		044BEB1027964C8200402588 /* SystemInformation-Extension.swift in Sources */ = {isa = PBXBuildFile; fileRef = 044BEB0F27964C8200402588 /* SystemInformation-Extension.swift */; };
		044BEB1227964CE500402588 /* Bundle-Extension.swift in Sources */ = {isa = PBXBuildFile; fileRef = 044BEB1127964CE500402588 /* Bundle-Extension.swift */; };
		044BEB14279653F600402588 /* PopButton.swift in Sources */ = {isa = PBXBuildFile; fileRef = 044BEB13279653F600402588 /* PopButton.swift */; };
		044BEB162796540A00402588 /* HoverButton.swift in Sources */ = {isa = PBXBuildFile; fileRef = 044BEB152796540A00402588 /* HoverButton.swift */; };
		045769B0279BFDD700916D4B /* RangeReplaceableCollection-Extension.swift in Sources */ = {isa = PBXBuildFile; fileRef = 045769AF279BFDD700916D4B /* RangeReplaceableCollection-Extension.swift */; };
		0477DE6D279C8D1700E732FA /* NSView-Extension.swift in Sources */ = {isa = PBXBuildFile; fileRef = 0477DE6C279C8D1700E732FA /* NSView-Extension.swift */; };
		04BDB1612793F3D300703576 /* String-Extension.swift in Sources */ = {isa = PBXBuildFile; fileRef = 04BDB1602793F3D300703576 /* String-Extension.swift */; };
		04CF9C242793C159000F79AE /* AppDelegate.swift in Sources */ = {isa = PBXBuildFile; fileRef = 04CF9C232793C159000F79AE /* AppDelegate.swift */; };
		04CF9C262793C159000F79AE /* ViewController.swift in Sources */ = {isa = PBXBuildFile; fileRef = 04CF9C252793C159000F79AE /* ViewController.swift */; };
		04CF9C282793C15A000F79AE /* Assets.xcassets in Resources */ = {isa = PBXBuildFile; fileRef = 04CF9C272793C15A000F79AE /* Assets.xcassets */; };
		04CF9C2B2793C15A000F79AE /* Main.storyboard in Resources */ = {isa = PBXBuildFile; fileRef = 04CF9C292793C15A000F79AE /* Main.storyboard */; };
/* End PBXBuildFile section */

/* Begin PBXFileReference section */
		040A003C2793C659009D0DBA /* WindowController.swift */ = {isa = PBXFileReference; lastKnownFileType = sourcecode.swift; path = WindowController.swift; sourceTree = "<group>"; };
		040A003E2793CBF4009D0DBA /* GradientBox.swift */ = {isa = PBXFileReference; lastKnownFileType = sourcecode.swift; path = GradientBox.swift; sourceTree = "<group>"; };
		040A00402793CDC2009D0DBA /* SheetViewController.swift */ = {isa = PBXFileReference; lastKnownFileType = sourcecode.swift; path = SheetViewController.swift; sourceTree = "<group>"; };
		040A00422793D3FC009D0DBA /* QRCodeGenerator.swift */ = {isa = PBXFileReference; lastKnownFileType = sourcecode.swift; path = QRCodeGenerator.swift; sourceTree = "<group>"; };
		040A00442793D8AB009D0DBA /* MainWindow.swift */ = {isa = PBXFileReference; lastKnownFileType = sourcecode.swift; path = MainWindow.swift; sourceTree = "<group>"; };
		040A00462793D92C009D0DBA /* SystemInformation.swift */ = {isa = PBXFileReference; lastKnownFileType = sourcecode.swift; path = SystemInformation.swift; sourceTree = "<group>"; };
		040A004B2793DD36009D0DBA /* Bridging-Header.h */ = {isa = PBXFileReference; fileEncoding = 4; lastKnownFileType = sourcecode.c.h; path = "Bridging-Header.h"; sourceTree = "<group>"; };
		040A004C2793DD85009D0DBA /* STPrivilegedTask.h */ = {isa = PBXFileReference; fileEncoding = 4; lastKnownFileType = sourcecode.c.h; path = STPrivilegedTask.h; sourceTree = "<group>"; };
		040A004D2793DD85009D0DBA /* STPrivilegedTask.m */ = {isa = PBXFileReference; fileEncoding = 4; lastKnownFileType = sourcecode.c.objc; path = STPrivilegedTask.m; sourceTree = "<group>"; };
		040A00502793DE11009D0DBA /* Process-Extension.swift */ = {isa = PBXFileReference; fileEncoding = 4; lastKnownFileType = sourcecode.swift; path = "Process-Extension.swift"; sourceTree = "<group>"; };
		044BEB0A27963D6200402588 /* SupportPathTemplate.xml */ = {isa = PBXFileReference; fileEncoding = 4; lastKnownFileType = text.xml; path = SupportPathTemplate.xml; sourceTree = "<group>"; };
		044BEB0B27963D6200402588 /* SupportPath.plist */ = {isa = PBXFileReference; fileEncoding = 4; lastKnownFileType = text.plist.xml; path = SupportPath.plist; sourceTree = "<group>"; };
		044BEB0F27964C8200402588 /* SystemInformation-Extension.swift */ = {isa = PBXFileReference; fileEncoding = 4; lastKnownFileType = sourcecode.swift; path = "SystemInformation-Extension.swift"; sourceTree = "<group>"; };
		044BEB1127964CE500402588 /* Bundle-Extension.swift */ = {isa = PBXFileReference; fileEncoding = 4; lastKnownFileType = sourcecode.swift; path = "Bundle-Extension.swift"; sourceTree = "<group>"; };
		044BEB13279653F600402588 /* PopButton.swift */ = {isa = PBXFileReference; fileEncoding = 4; lastKnownFileType = sourcecode.swift; path = PopButton.swift; sourceTree = "<group>"; };
		044BEB152796540A00402588 /* HoverButton.swift */ = {isa = PBXFileReference; fileEncoding = 4; lastKnownFileType = sourcecode.swift; path = HoverButton.swift; sourceTree = "<group>"; };
		045769AF279BFDD700916D4B /* RangeReplaceableCollection-Extension.swift */ = {isa = PBXFileReference; fileEncoding = 4; lastKnownFileType = sourcecode.swift; path = "RangeReplaceableCollection-Extension.swift"; sourceTree = "<group>"; };
		0477DE6C279C8D1700E732FA /* NSView-Extension.swift */ = {isa = PBXFileReference; fileEncoding = 4; lastKnownFileType = sourcecode.swift; path = "NSView-Extension.swift"; sourceTree = "<group>"; };
		04BDB1602793F3D300703576 /* String-Extension.swift */ = {isa = PBXFileReference; lastKnownFileType = sourcecode.swift; path = "String-Extension.swift"; sourceTree = "<group>"; };
		04CF9C202793C159000F79AE /* Recording Indicator Utility.app */ = {isa = PBXFileReference; explicitFileType = wrapper.application; includeInIndex = 0; path = "Recording Indicator Utility.app"; sourceTree = BUILT_PRODUCTS_DIR; };
		04CF9C232793C159000F79AE /* AppDelegate.swift */ = {isa = PBXFileReference; lastKnownFileType = sourcecode.swift; path = AppDelegate.swift; sourceTree = "<group>"; };
		04CF9C252793C159000F79AE /* ViewController.swift */ = {isa = PBXFileReference; lastKnownFileType = sourcecode.swift; path = ViewController.swift; sourceTree = "<group>"; };
		04CF9C272793C15A000F79AE /* Assets.xcassets */ = {isa = PBXFileReference; lastKnownFileType = folder.assetcatalog; path = Assets.xcassets; sourceTree = "<group>"; };
		04CF9C2A2793C15A000F79AE /* Base */ = {isa = PBXFileReference; lastKnownFileType = file.storyboard; name = Base; path = Base.lproj/Main.storyboard; sourceTree = "<group>"; };
		04CF9C2C2793C15A000F79AE /* RecordingIndicatorUtility.entitlements */ = {isa = PBXFileReference; lastKnownFileType = text.plist.entitlements; path = RecordingIndicatorUtility.entitlements; sourceTree = "<group>"; };
/* End PBXFileReference section */

/* Begin PBXFrameworksBuildPhase section */
		04CF9C1D2793C159000F79AE /* Frameworks */ = {
			isa = PBXFrameworksBuildPhase;
			buildActionMask = 2147483647;
			files = (
			);
			runOnlyForDeploymentPostprocessing = 0;
		};
/* End PBXFrameworksBuildPhase section */

/* Begin PBXGroup section */
		040A00482793DD23009D0DBA /* Libraries */ = {
			isa = PBXGroup;
			children = (
				040A004B2793DD36009D0DBA /* Bridging-Header.h */,
				040A004F2793DD8B009D0DBA /* STPrivilegedTask */,
			);
			path = Libraries;
			sourceTree = "<group>";
		};
		040A004F2793DD8B009D0DBA /* STPrivilegedTask */ = {
			isa = PBXGroup;
			children = (
				040A004C2793DD85009D0DBA /* STPrivilegedTask.h */,
				040A004D2793DD85009D0DBA /* STPrivilegedTask.m */,
			);
			path = STPrivilegedTask;
			sourceTree = "<group>";
		};
		044BEB0927963D5600402588 /* Support */ = {
			isa = PBXGroup;
			children = (
				044BEB0A27963D6200402588 /* SupportPathTemplate.xml */,
				044BEB0B27963D6200402588 /* SupportPath.plist */,
			);
			path = Support;
			sourceTree = "<group>";
		};
		04B0BD432794CE88005867AF /* View Controllers */ = {
			isa = PBXGroup;
			children = (
				04CF9C252793C159000F79AE /* ViewController.swift */,
				040A00402793CDC2009D0DBA /* SheetViewController.swift */,
			);
			path = "View Controllers";
			sourceTree = "<group>";
		};
		04B0BD442794CE95005867AF /* Windows */ = {
			isa = PBXGroup;
			children = (
				040A00442793D8AB009D0DBA /* MainWindow.swift */,
				040A003C2793C659009D0DBA /* WindowController.swift */,
			);
			path = Windows;
			sourceTree = "<group>";
		};
		04B0BD452794CEA5005867AF /* Extensions */ = {
			isa = PBXGroup;
			children = (
				044BEB1127964CE500402588 /* Bundle-Extension.swift */,
				0477DE6C279C8D1700E732FA /* NSView-Extension.swift */,
				044BEB0F27964C8200402588 /* SystemInformation-Extension.swift */,
				040A00502793DE11009D0DBA /* Process-Extension.swift */,
				045769AF279BFDD700916D4B /* RangeReplaceableCollection-Extension.swift */,
				04BDB1602793F3D300703576 /* String-Extension.swift */,
			);
			path = Extensions;
			sourceTree = "<group>";
		};
		04B0BD462794CEB3005867AF /* Core */ = {
			isa = PBXGroup;
			children = (
				04CF9C232793C159000F79AE /* AppDelegate.swift */,
				040A00422793D3FC009D0DBA /* QRCodeGenerator.swift */,
				040A00462793D92C009D0DBA /* SystemInformation.swift */,
			);
			path = Core;
			sourceTree = "<group>";
		};
		04B0BD472794CEBE005867AF /* Views */ = {
			isa = PBXGroup;
			children = (
				040A003E2793CBF4009D0DBA /* GradientBox.swift */,
				044BEB152796540A00402588 /* HoverButton.swift */,
				044BEB13279653F600402588 /* PopButton.swift */,
			);
			path = Views;
			sourceTree = "<group>";
		};
		04CF9C172793C158000F79AE = {
			isa = PBXGroup;
			children = (
				04CF9C222793C159000F79AE /* RecordingIndicatorUtility */,
				04CF9C212793C159000F79AE /* Products */,
			);
			sourceTree = "<group>";
		};
		04CF9C212793C159000F79AE /* Products */ = {
			isa = PBXGroup;
			children = (
				04CF9C202793C159000F79AE /* Recording Indicator Utility.app */,
			);
			name = Products;
			sourceTree = "<group>";
		};
		04CF9C222793C159000F79AE /* RecordingIndicatorUtility */ = {
			isa = PBXGroup;
			children = (
				04B0BD462794CEB3005867AF /* Core */,
				04B0BD432794CE88005867AF /* View Controllers */,
				04B0BD442794CE95005867AF /* Windows */,
				04B0BD472794CEBE005867AF /* Views */,
				04B0BD452794CEA5005867AF /* Extensions */,
				040A00482793DD23009D0DBA /* Libraries */,
				044BEB0927963D5600402588 /* Support */,
				04CF9C272793C15A000F79AE /* Assets.xcassets */,
				04CF9C292793C15A000F79AE /* Main.storyboard */,
				04CF9C2C2793C15A000F79AE /* RecordingIndicatorUtility.entitlements */,
			);
			path = RecordingIndicatorUtility;
			sourceTree = "<group>";
		};
/* End PBXGroup section */

/* Begin PBXNativeTarget section */
		04CF9C1F2793C159000F79AE /* Recording Indicator Utility */ = {
			isa = PBXNativeTarget;
			buildConfigurationList = 04CF9C2F2793C15A000F79AE /* Build configuration list for PBXNativeTarget "Recording Indicator Utility" */;
			buildPhases = (
				044BEB0E27963D9C00402588 /* Update SupportPath */,
				04CF9C1C2793C159000F79AE /* Sources */,
				04CF9C1D2793C159000F79AE /* Frameworks */,
				04CF9C1E2793C159000F79AE /* Resources */,
			);
			buildRules = (
			);
			dependencies = (
			);
			name = "Recording Indicator Utility";
			productName = RecordingIndicatorUtility;
			productReference = 04CF9C202793C159000F79AE /* Recording Indicator Utility.app */;
			productType = "com.apple.product-type.application";
		};
/* End PBXNativeTarget section */

/* Begin PBXProject section */
		04CF9C182793C159000F79AE /* Project object */ = {
			isa = PBXProject;
			attributes = {
				BuildIndependentTargetsInParallel = 1;
				LastSwiftUpdateCheck = 1320;
				LastUpgradeCheck = 1420;
				TargetAttributes = {
					04CF9C1F2793C159000F79AE = {
						CreatedOnToolsVersion = 13.2.1;
					};
				};
			};
			buildConfigurationList = 04CF9C1B2793C159000F79AE /* Build configuration list for PBXProject "Recording Indicator Utility" */;
			compatibilityVersion = "Xcode 13.0";
			developmentRegion = en;
			hasScannedForEncodings = 0;
			knownRegions = (
				en,
				Base,
			);
			mainGroup = 04CF9C172793C158000F79AE;
			productRefGroup = 04CF9C212793C159000F79AE /* Products */;
			projectDirPath = "";
			projectRoot = "";
			targets = (
				04CF9C1F2793C159000F79AE /* Recording Indicator Utility */,
			);
		};
/* End PBXProject section */

/* Begin PBXResourcesBuildPhase section */
		04CF9C1E2793C159000F79AE /* Resources */ = {
			isa = PBXResourcesBuildPhase;
			buildActionMask = 2147483647;
			files = (
				044BEB0D27963D6200402588 /* SupportPath.plist in Resources */,
				04CF9C282793C15A000F79AE /* Assets.xcassets in Resources */,
				04CF9C2B2793C15A000F79AE /* Main.storyboard in Resources */,
			);
			runOnlyForDeploymentPostprocessing = 0;
		};
/* End PBXResourcesBuildPhase section */

/* Begin PBXShellScriptBuildPhase section */
		044BEB0E27963D9C00402588 /* Update SupportPath */ = {
			isa = PBXShellScriptBuildPhase;
			buildActionMask = 2147483647;
			files = (
			);
			inputFileListPaths = (
			);
			inputPaths = (
			);
			name = "Update SupportPath";
			outputFileListPaths = (
			);
			outputPaths = (
			);
			runOnlyForDeploymentPostprocessing = 0;
			shellPath = /bin/sh;
			shellScript = "CONFIGURATIONS_PATH=${SRCROOT}/RecordingIndicatorUtility/Support\nTEMPLATE_PATH=\"$CONFIGURATIONS_PATH/SupportPathTemplate.xml\"\nGENERATED_PATH=\"$CONFIGURATIONS_PATH/SupportPath.plist\"\ncp \"$TEMPLATE_PATH\" \"$GENERATED_PATH\"\n\nsed -i '' \"s/\\$(VERSION)/${MARKETING_VERSION} (Build ${CURRENT_PROJECT_VERSION})/g\" $GENERATED_PATH\nsed -i '' \"s/\\$(CURRENT_PROJECT_VERSION)/${CURRENT_PROJECT_VERSION}/g\" $GENERATED_PATH\nsed -i '' \"s/\\$(MARKETING_VERSION)/${MARKETING_VERSION}/g\" $GENERATED_PATH\n";
		};
/* End PBXShellScriptBuildPhase section */

/* Begin PBXSourcesBuildPhase section */
		04CF9C1C2793C159000F79AE /* Sources */ = {
			isa = PBXSourcesBuildPhase;
			buildActionMask = 2147483647;
			files = (
				04CF9C262793C159000F79AE /* ViewController.swift in Sources */,
				040A00512793DE11009D0DBA /* Process-Extension.swift in Sources */,
				045769B0279BFDD700916D4B /* RangeReplaceableCollection-Extension.swift in Sources */,
				04BDB1612793F3D300703576 /* String-Extension.swift in Sources */,
				0477DE6D279C8D1700E732FA /* NSView-Extension.swift in Sources */,
				044BEB162796540A00402588 /* HoverButton.swift in Sources */,
				044BEB1227964CE500402588 /* Bundle-Extension.swift in Sources */,
				040A00432793D3FC009D0DBA /* QRCodeGenerator.swift in Sources */,
				044BEB14279653F600402588 /* PopButton.swift in Sources */,
				040A00412793CDC2009D0DBA /* SheetViewController.swift in Sources */,
				040A003D2793C659009D0DBA /* WindowController.swift in Sources */,
				04CF9C242793C159000F79AE /* AppDelegate.swift in Sources */,
				040A00472793D92C009D0DBA /* SystemInformation.swift in Sources */,
				040A003F2793CBF4009D0DBA /* GradientBox.swift in Sources */,
				044BEB1027964C8200402588 /* SystemInformation-Extension.swift in Sources */,
				040A00452793D8AB009D0DBA /* MainWindow.swift in Sources */,
				040A004E2793DD85009D0DBA /* STPrivilegedTask.m in Sources */,
			);
			runOnlyForDeploymentPostprocessing = 0;
		};
/* End PBXSourcesBuildPhase section */

/* Begin PBXVariantGroup section */
		04CF9C292793C15A000F79AE /* Main.storyboard */ = {
			isa = PBXVariantGroup;
			children = (
				04CF9C2A2793C15A000F79AE /* Base */,
			);
			name = Main.storyboard;
			sourceTree = "<group>";
		};
/* End PBXVariantGroup section */

/* Begin XCBuildConfiguration section */
		04CF9C2D2793C15A000F79AE /* Debug */ = {
			isa = XCBuildConfiguration;
			buildSettings = {
				ALWAYS_SEARCH_USER_PATHS = NO;
				CLANG_ANALYZER_NONNULL = YES;
				CLANG_ANALYZER_NUMBER_OBJECT_CONVERSION = YES_AGGRESSIVE;
				CLANG_CXX_LANGUAGE_STANDARD = "gnu++17";
				CLANG_CXX_LIBRARY = "libc++";
				CLANG_ENABLE_MODULES = YES;
				CLANG_ENABLE_OBJC_ARC = YES;
				CLANG_ENABLE_OBJC_WEAK = YES;
				CLANG_WARN_BLOCK_CAPTURE_AUTORELEASING = YES;
				CLANG_WARN_BOOL_CONVERSION = YES;
				CLANG_WARN_COMMA = YES;
				CLANG_WARN_CONSTANT_CONVERSION = YES;
				CLANG_WARN_DEPRECATED_OBJC_IMPLEMENTATIONS = YES;
				CLANG_WARN_DIRECT_OBJC_ISA_USAGE = YES_ERROR;
				CLANG_WARN_DOCUMENTATION_COMMENTS = YES;
				CLANG_WARN_EMPTY_BODY = YES;
				CLANG_WARN_ENUM_CONVERSION = YES;
				CLANG_WARN_INFINITE_RECURSION = YES;
				CLANG_WARN_INT_CONVERSION = YES;
				CLANG_WARN_NON_LITERAL_NULL_CONVERSION = YES;
				CLANG_WARN_OBJC_IMPLICIT_RETAIN_SELF = YES;
				CLANG_WARN_OBJC_LITERAL_CONVERSION = YES;
				CLANG_WARN_OBJC_ROOT_CLASS = YES_ERROR;
				CLANG_WARN_QUOTED_INCLUDE_IN_FRAMEWORK_HEADER = YES;
				CLANG_WARN_RANGE_LOOP_ANALYSIS = YES;
				CLANG_WARN_STRICT_PROTOTYPES = YES;
				CLANG_WARN_SUSPICIOUS_MOVE = YES;
				CLANG_WARN_UNGUARDED_AVAILABILITY = YES_AGGRESSIVE;
				CLANG_WARN_UNREACHABLE_CODE = YES;
				CLANG_WARN__DUPLICATE_METHOD_MATCH = YES;
				COPY_PHASE_STRIP = NO;
				DEAD_CODE_STRIPPING = YES;
				DEBUG_INFORMATION_FORMAT = dwarf;
				ENABLE_STRICT_OBJC_MSGSEND = YES;
				ENABLE_TESTABILITY = YES;
				GCC_C_LANGUAGE_STANDARD = gnu11;
				GCC_DYNAMIC_NO_PIC = NO;
				GCC_NO_COMMON_BLOCKS = YES;
				GCC_OPTIMIZATION_LEVEL = 0;
				GCC_PREPROCESSOR_DEFINITIONS = (
					"DEBUG=1",
					"$(inherited)",
				);
				GCC_WARN_64_TO_32_BIT_CONVERSION = YES;
				GCC_WARN_ABOUT_RETURN_TYPE = YES_ERROR;
				GCC_WARN_UNDECLARED_SELECTOR = YES;
				GCC_WARN_UNINITIALIZED_AUTOS = YES_AGGRESSIVE;
				GCC_WARN_UNUSED_FUNCTION = YES;
				GCC_WARN_UNUSED_VARIABLE = YES;
				MACOSX_DEPLOYMENT_TARGET = 12.0;
				MTL_ENABLE_DEBUG_INFO = INCLUDE_SOURCE;
				MTL_FAST_MATH = YES;
				ONLY_ACTIVE_ARCH = YES;
				SDKROOT = macosx;
				SWIFT_ACTIVE_COMPILATION_CONDITIONS = DEBUG;
				SWIFT_OPTIMIZATION_LEVEL = "-Onone";
			};
			name = Debug;
		};
		04CF9C2E2793C15A000F79AE /* Release */ = {
			isa = XCBuildConfiguration;
			buildSettings = {
				ALWAYS_SEARCH_USER_PATHS = NO;
				CLANG_ANALYZER_NONNULL = YES;
				CLANG_ANALYZER_NUMBER_OBJECT_CONVERSION = YES_AGGRESSIVE;
				CLANG_CXX_LANGUAGE_STANDARD = "gnu++17";
				CLANG_CXX_LIBRARY = "libc++";
				CLANG_ENABLE_MODULES = YES;
				CLANG_ENABLE_OBJC_ARC = YES;
				CLANG_ENABLE_OBJC_WEAK = YES;
				CLANG_WARN_BLOCK_CAPTURE_AUTORELEASING = YES;
				CLANG_WARN_BOOL_CONVERSION = YES;
				CLANG_WARN_COMMA = YES;
				CLANG_WARN_CONSTANT_CONVERSION = YES;
				CLANG_WARN_DEPRECATED_OBJC_IMPLEMENTATIONS = YES;
				CLANG_WARN_DIRECT_OBJC_ISA_USAGE = YES_ERROR;
				CLANG_WARN_DOCUMENTATION_COMMENTS = YES;
				CLANG_WARN_EMPTY_BODY = YES;
				CLANG_WARN_ENUM_CONVERSION = YES;
				CLANG_WARN_INFINITE_RECURSION = YES;
				CLANG_WARN_INT_CONVERSION = YES;
				CLANG_WARN_NON_LITERAL_NULL_CONVERSION = YES;
				CLANG_WARN_OBJC_IMPLICIT_RETAIN_SELF = YES;
				CLANG_WARN_OBJC_LITERAL_CONVERSION = YES;
				CLANG_WARN_OBJC_ROOT_CLASS = YES_ERROR;
				CLANG_WARN_QUOTED_INCLUDE_IN_FRAMEWORK_HEADER = YES;
				CLANG_WARN_RANGE_LOOP_ANALYSIS = YES;
				CLANG_WARN_STRICT_PROTOTYPES = YES;
				CLANG_WARN_SUSPICIOUS_MOVE = YES;
				CLANG_WARN_UNGUARDED_AVAILABILITY = YES_AGGRESSIVE;
				CLANG_WARN_UNREACHABLE_CODE = YES;
				CLANG_WARN__DUPLICATE_METHOD_MATCH = YES;
				COPY_PHASE_STRIP = NO;
				DEAD_CODE_STRIPPING = YES;
				DEBUG_INFORMATION_FORMAT = "dwarf-with-dsym";
				ENABLE_NS_ASSERTIONS = NO;
				ENABLE_STRICT_OBJC_MSGSEND = YES;
				GCC_C_LANGUAGE_STANDARD = gnu11;
				GCC_NO_COMMON_BLOCKS = YES;
				GCC_WARN_64_TO_32_BIT_CONVERSION = YES;
				GCC_WARN_ABOUT_RETURN_TYPE = YES_ERROR;
				GCC_WARN_UNDECLARED_SELECTOR = YES;
				GCC_WARN_UNINITIALIZED_AUTOS = YES_AGGRESSIVE;
				GCC_WARN_UNUSED_FUNCTION = YES;
				GCC_WARN_UNUSED_VARIABLE = YES;
				MACOSX_DEPLOYMENT_TARGET = 12.0;
				MTL_ENABLE_DEBUG_INFO = NO;
				MTL_FAST_MATH = YES;
				SDKROOT = macosx;
				SWIFT_COMPILATION_MODE = wholemodule;
				SWIFT_OPTIMIZATION_LEVEL = "-O";
			};
			name = Release;
		};
		04CF9C302793C15A000F79AE /* Debug */ = {
			isa = XCBuildConfiguration;
			buildSettings = {
				ASSETCATALOG_COMPILER_APPICON_NAME = AppIcon;
				CODE_SIGN_ENTITLEMENTS = RecordingIndicatorUtility/RecordingIndicatorUtility.entitlements;
				CODE_SIGN_IDENTITY = "-";
				CURRENT_PROJECT_VERSION = 16;
				DEAD_CODE_STRIPPING = YES;
				GENERATE_INFOPLIST_FILE = YES;
				INFOPLIST_KEY_CFBundleDisplayName = "Recording Indicator Utility";
				INFOPLIST_KEY_LSApplicationCategoryType = "public.app-category.utilities";
				INFOPLIST_KEY_NSHumanReadableCopyright = "";
				INFOPLIST_KEY_NSMainStoryboardFile = Main;
				INFOPLIST_KEY_NSPrincipalClass = NSApplication;
				LD_RUNPATH_SEARCH_PATHS = (
					"$(inherited)",
					"@executable_path/../Frameworks",
				);
				MARKETING_VERSION = 2.0;
				ONLY_ACTIVE_ARCH = NO;
				PRODUCT_BUNDLE_IDENTIFIER = com.mac.RecordingIndicatorUtility;
				PRODUCT_NAME = "$(TARGET_NAME)";
				SWIFT_EMIT_LOC_STRINGS = YES;
				SWIFT_OBJC_BRIDGING_HEADER = "RecordingIndicatorUtility/Libraries/Bridging-Header.h";
				SWIFT_VERSION = 5.0;
			};
			name = Debug;
		};
		04CF9C312793C15A000F79AE /* Release */ = {
			isa = XCBuildConfiguration;
			buildSettings = {
				ASSETCATALOG_COMPILER_APPICON_NAME = AppIcon;
				CODE_SIGN_ENTITLEMENTS = RecordingIndicatorUtility/RecordingIndicatorUtility.entitlements;
				CODE_SIGN_IDENTITY = "-";
				CURRENT_PROJECT_VERSION = 16;
				DEAD_CODE_STRIPPING = YES;
				GENERATE_INFOPLIST_FILE = YES;
				INFOPLIST_KEY_CFBundleDisplayName = "Recording Indicator Utility";
				INFOPLIST_KEY_LSApplicationCategoryType = "public.app-category.utilities";
				INFOPLIST_KEY_NSHumanReadableCopyright = "";
				INFOPLIST_KEY_NSMainStoryboardFile = Main;
				INFOPLIST_KEY_NSPrincipalClass = NSApplication;
				LD_RUNPATH_SEARCH_PATHS = (
					"$(inherited)",
					"@executable_path/../Frameworks",
				);
				MARKETING_VERSION = 2.0;
				ONLY_ACTIVE_ARCH = NO;
				PRODUCT_BUNDLE_IDENTIFIER = com.mac.RecordingIndicatorUtility;
				PRODUCT_NAME = "$(TARGET_NAME)";
				SWIFT_EMIT_LOC_STRINGS = YES;
				SWIFT_OBJC_BRIDGING_HEADER = "RecordingIndicatorUtility/Libraries/Bridging-Header.h";
				SWIFT_VERSION = 5.0;
			};
			name = Release;
		};
/* End XCBuildConfiguration section */

/* Begin XCConfigurationList section */
		04CF9C1B2793C159000F79AE /* Build configuration list for PBXProject "Recording Indicator Utility" */ = {
			isa = XCConfigurationList;
			buildConfigurations = (
				04CF9C2D2793C15A000F79AE /* Debug */,
				04CF9C2E2793C15A000F79AE /* Release */,
			);
			defaultConfigurationIsVisible = 0;
			defaultConfigurationName = Release;
		};
		04CF9C2F2793C15A000F79AE /* Build configuration list for PBXNativeTarget "Recording Indicator Utility" */ = {
			isa = XCConfigurationList;
			buildConfigurations = (
				04CF9C302793C15A000F79AE /* Debug */,
				04CF9C312793C15A000F79AE /* Release */,
			);
			defaultConfigurationIsVisible = 0;
			defaultConfigurationName = Release;
		};
/* End XCConfigurationList section */
	};
	rootObject = 04CF9C182793C159000F79AE /* Project object */;
}
